# MAX 10 FPGA Development Kit (DK-DEV-10M50-A), PCB 100-0321401 Rev C.
# Pins come from the GHRD ghrd_10m50daf484c6ges.qsf. Verified against
# UG-01169 tables 4-8 and 4-10 on 2026-08-30. See PINS.md.
set_global_assignment -name FAMILY "MAX 10"
set_global_assignment -name DEVICE 10M50DAF484C6GES
set_global_assignment -name TOP_LEVEL_ENTITY blink
set_global_assignment -name VERILOG_FILE blink.v
set_global_assignment -name SDC_FILE blink.sdc
set_global_assignment -name PROJECT_OUTPUT_DIRECTORY output_files
set_global_assignment -name INTERNAL_FLASH_UPDATE_MODE "SINGLE IMAGE"
set_global_assignment -name NUM_PARALLEL_PROCESSORS 4

# CLK_50_MAX10, 50 MHz.
set_location_assignment PIN_M9 -to clk
set_instance_assignment -name IO_STANDARD "2.5 V" -to clk

# USER_LED[4:0]. The LED is on when the pin is low.
set_location_assignment PIN_T20 -to led[0]
set_location_assignment PIN_U22 -to led[1]
set_location_assignment PIN_U21 -to led[2]
set_location_assignment PIN_AA21 -to led[3]
set_location_assignment PIN_AA22 -to led[4]
set_instance_assignment -name IO_STANDARD "1.5 V" -to led[0]
set_instance_assignment -name IO_STANDARD "1.5 V" -to led[1]
set_instance_assignment -name IO_STANDARD "1.5 V" -to led[2]
set_instance_assignment -name IO_STANDARD "1.5 V" -to led[3]
set_instance_assignment -name IO_STANDARD "1.5 V" -to led[4]

# USER_PB[0], for a reset if you want one later.
set_location_assignment PIN_L22 -to button
set_instance_assignment -name IO_STANDARD "1.5 V" -to button

# Keep unused pins safe.
set_global_assignment -name RESERVE_ALL_UNUSED_PINS_WEAK_PULLUP "AS INPUT TRI-STATED"

set_global_assignment -name LAST_QUARTUS_VERSION "25.1std.0 Lite Edition"
