# MAX 10 FPGA Development Kit (DK-DEV-10M50-A), PCB 100-0321401 Rev C.
# Pins come from the GHRD and from UG-01169 tables 4-8, 4-9 and 4-21.
set_global_assignment -name FAMILY "MAX 10"
set_global_assignment -name DEVICE 10M50DAF484C6GES
set_global_assignment -name TOP_LEVEL_ENTITY uart
set_global_assignment -name VERILOG_FILE uart.v
set_global_assignment -name VERILOG_FILE uart_regs.v
set_global_assignment -name VERILOG_FILE uart_rx.v
set_global_assignment -name VERILOG_FILE uart_tx.v
set_global_assignment -name SDC_FILE uart.sdc
set_global_assignment -name PROJECT_OUTPUT_DIRECTORY output_files
set_global_assignment -name INTERNAL_FLASH_UPDATE_MODE "SINGLE IMAGE"
set_global_assignment -name NUM_PARALLEL_PROCESSORS 4

# CLK_50_MAX10, 50 MHz.
set_location_assignment PIN_M9 -to clk
set_instance_assignment -name IO_STANDARD "2.5 V" -to clk

# USB to UART, connector J11, bridge chip FT232R (U11), Bank 4.
# UG-01169 table 4-21. The net names are written from the FT232R side:
#   UART_TX (W18) is the FT232R output, so it is the FPGA input.
#   UART_RX (Y19) is the FT232R input, so it is the FPGA output.
# If the link stays silent and LED4 still blinks, swap these two pins.
set_location_assignment PIN_W18 -to rxd
set_location_assignment PIN_Y19 -to txd
set_instance_assignment -name IO_STANDARD "2.5 V" -to rxd
set_instance_assignment -name IO_STANDARD "2.5 V" -to txd

# USER_LED[4:0]. The LED is on when the pin is low.
set_location_assignment PIN_T20 -to led[0]
set_location_assignment PIN_U22 -to led[1]
set_location_assignment PIN_U21 -to led[2]
set_location_assignment PIN_AA21 -to led[3]
set_location_assignment PIN_AA22 -to led[4]
set_instance_assignment -name IO_STANDARD "1.5 V" -to led[0]
set_instance_assignment -name IO_STANDARD "1.5 V" -to led[1]
set_instance_assignment -name IO_STANDARD "1.5 V" -to led[2]
set_instance_assignment -name IO_STANDARD "1.5 V" -to led[3]
set_instance_assignment -name IO_STANDARD "1.5 V" -to led[4]

# USER_PB[0], low when you push it.
set_location_assignment PIN_L22 -to button
set_instance_assignment -name IO_STANDARD "1.5 V" -to button

# Keep unused pins safe.
set_global_assignment -name RESERVE_ALL_UNUSED_PINS_WEAK_PULLUP "AS INPUT TRI-STATED"

set_global_assignment -name LAST_QUARTUS_VERSION "25.1std.0 Lite Edition"
